
Microsoft Visual Studio Solution File, Format Version 12.00
# Visual Studio Version 16
VisualStudioVersion = 16.0.31105.61
MinimumVisualStudioVersion = 10.0.40219.1
Project("{9A19103F-16F7-4668-BE54-9A1E7A4F7556}") = "Topten.JsonKit", "Topten.JsonKit\Topten.JsonKit.csproj", "{6A4B6010-62C1-4DC8-971D-C0BAD62CC65D}"
EndProject
Project("{9A19103F-16F7-4668-BE54-9A1E7A4F7556}") = "Topten.JsonKit.Test", "Topten.JsonKit.Test\Topten.JsonKit.Test.csproj", "{4813BF7A-D2CF-46D9-945D-5A17C609E8D2}"
EndProject
Global
	GlobalSection(SolutionConfigurationPlatforms) = preSolution
		Debug|Any CPU = Debug|Any CPU
		Release|Any CPU = Release|Any CPU
	EndGlobalSection
	GlobalSection(ProjectConfigurationPlatforms) = postSolution
		{6A4B6010-62C1-4DC8-971D-C0BAD62CC65D}.Debug|Any CPU.ActiveCfg = Debug|Any CPU
		{6A4B6010-62C1-4DC8-971D-C0BAD62CC65D}.Debug|Any CPU.Build.0 = Debug|Any CPU
		{6A4B6010-62C1-4DC8-971D-C0BAD62CC65D}.Release|Any CPU.ActiveCfg = Release|Any CPU
		{6A4B6010-62C1-4DC8-971D-C0BAD62CC65D}.Release|Any CPU.Build.0 = Release|Any CPU
		{4813BF7A-D2CF-46D9-945D-5A17C609E8D2}.Debug|Any CPU.ActiveCfg = Debug|Any CPU
		{4813BF7A-D2CF-46D9-945D-5A17C609E8D2}.Debug|Any CPU.Build.0 = Debug|Any CPU
		{4813BF7A-D2CF-46D9-945D-5A17C609E8D2}.Release|Any CPU.ActiveCfg = Release|Any CPU
		{4813BF7A-D2CF-46D9-945D-5A17C609E8D2}.Release|Any CPU.Build.0 = Release|Any CPU
	EndGlobalSection
	GlobalSection(SolutionProperties) = preSolution
		HideSolutionNode = FALSE
	EndGlobalSection
	GlobalSection(ExtensibilityGlobals) = postSolution
		SolutionGuid = {23B58C55-12CD-4C23-B625-E36393CBF8A7}
	EndGlobalSection
EndGlobal
